# This file was autogenerated by Stack.
# You should not edit this file by hand.
# For more information, please see the documentation at:
#   https://docs.haskellstack.org/en/stable/lock_files

packages: []
snapshots:
- completed:
    size: 472588
    url: https://raw.githubusercontent.com/commercialhaskell/stackage-snapshots/master/nightly/2020/2/4.yaml
    sha256: 72cb6d873a45ce9902d40dfcb12f898e171d7a5b4d51fc57b57db982e24144ad
  original: nightly-2020-02-04
