# This file was autogenerated by Stack.
# You should not edit this file by hand.
# For more information, please see the documentation at:
#   https://docs.haskellstack.org/en/stable/lock_files

snapshots:
- original: lts-16.31
  completed:
    sha256: 637fb77049b25560622a224845b7acfe81a09fdb6a96a3c75997a10b651667f6
    url: https://raw.githubusercontent.com/commercialhaskell/stackage-snapshots/master/lts/16/31.yaml
    size: 534126
packages:
- original:
    hackage: pandoc-types-1.21
  completed:
    pantry-tree:
      sha256: e26eb93747538e29168032985a03b428039a16000fea1a4a8d9b9b032ac98b5f
      size: 713
    hackage: pandoc-types-1.21@sha256:b61ed625da4d1a0d8057fcca4c0c5e174c9f45d94b41504db1532f3fc581e945,4037
