# This file was autogenerated by Stack.
# You should not edit this file by hand.
# For more information, please see the documentation at:
#   https://docs.haskellstack.org/en/stable/lock_files

packages: []
snapshots:
- completed:
    sha256: 5d1df60a0aaf19ab42eb79d5ca01ab812318a96be3925559e902e1bfd8cac569
    size: 649582
    url: https://raw.githubusercontent.com/commercialhaskell/stackage-snapshots/master/lts/20/15.yaml
  original: lts-20.15
